
Microsoft Visual Studio Solution File, Format Version 12.00
# Visual Studio Version 16
VisualStudioVersion = 16.0.31424.327
MinimumVisualStudioVersion = 10.0.40219.1
Project("{FAE04EC0-301F-11D3-BF4B-00C04F79EFBC}") = "Qly_BanSach_MVC", "Qly_BanSach_MVC\Qly_BanSach_MVC.csproj", "{44E47260-277F-4398-840B-4C309BB6D4C3}"
EndProject
Project("{FAE04EC0-301F-11D3-BF4B-00C04F79EFBC}") = "Model", "Model\Model.csproj", "{9EB21D44-8E1B-497A-BA89-5853E803EBD5}"
EndProject
Global
	GlobalSection(SolutionConfigurationPlatforms) = preSolution
		Debug|Any CPU = Debug|Any CPU
		Release|Any CPU = Release|Any CPU
	EndGlobalSection
	GlobalSection(ProjectConfigurationPlatforms) = postSolution
		{44E47260-277F-4398-840B-4C309BB6D4C3}.Debug|Any CPU.ActiveCfg = Debug|Any CPU
		{44E47260-277F-4398-840B-4C309BB6D4C3}.Debug|Any CPU.Build.0 = Debug|Any CPU
		{44E47260-277F-4398-840B-4C309BB6D4C3}.Release|Any CPU.ActiveCfg = Release|Any CPU
		{44E47260-277F-4398-840B-4C309BB6D4C3}.Release|Any CPU.Build.0 = Release|Any CPU
		{9EB21D44-8E1B-497A-BA89-5853E803EBD5}.Debug|Any CPU.ActiveCfg = Debug|Any CPU
		{9EB21D44-8E1B-497A-BA89-5853E803EBD5}.Debug|Any CPU.Build.0 = Debug|Any CPU
		{9EB21D44-8E1B-497A-BA89-5853E803EBD5}.Release|Any CPU.ActiveCfg = Release|Any CPU
		{9EB21D44-8E1B-497A-BA89-5853E803EBD5}.Release|Any CPU.Build.0 = Release|Any CPU
	EndGlobalSection
	GlobalSection(SolutionProperties) = preSolution
		HideSolutionNode = FALSE
	EndGlobalSection
	GlobalSection(ExtensibilityGlobals) = postSolution
		SolutionGuid = {DA066CB8-27A1-466D-A444-135D721C4CC5}
	EndGlobalSection
EndGlobal
